
Microsoft Visual Studio Solution File, Format Version 12.00
# Visual Studio Version 16
VisualStudioVersion = 16.0.32510.428
MinimumVisualStudioVersion = 10.0.40219.1
Project("{8BC9CEB8-8B4A-11D0-8D11-00A0C91BC942}") = "ATM_Project", "ATM_Project.vcxproj", "{0147DB48-57D1-4400-A657-FC068F77D973}"
EndProject
Global
	GlobalSection(SolutionConfigurationPlatforms) = preSolution
		Debug|x64 = Debug|x64
		Debug|x86 = Debug|x86
		Release|x64 = Release|x64
		Release|x86 = Release|x86
	EndGlobalSection
	GlobalSection(ProjectConfigurationPlatforms) = postSolution
		{0147DB48-57D1-4400-A657-FC068F77D973}.Debug|x64.ActiveCfg = Debug|x64
		{0147DB48-57D1-4400-A657-FC068F77D973}.Debug|x64.Build.0 = Debug|x64
		{0147DB48-57D1-4400-A657-FC068F77D973}.Debug|x86.ActiveCfg = Debug|Win32
		{0147DB48-57D1-4400-A657-FC068F77D973}.Debug|x86.Build.0 = Debug|Win32
		{0147DB48-57D1-4400-A657-FC068F77D973}.Release|x64.ActiveCfg = Release|x64
		{0147DB48-57D1-4400-A657-FC068F77D973}.Release|x64.Build.0 = Release|x64
		{0147DB48-57D1-4400-A657-FC068F77D973}.Release|x86.ActiveCfg = Release|Win32
		{0147DB48-57D1-4400-A657-FC068F77D973}.Release|x86.Build.0 = Release|Win32
	EndGlobalSection
	GlobalSection(SolutionProperties) = preSolution
		HideSolutionNode = FALSE
	EndGlobalSection
	GlobalSection(ExtensibilityGlobals) = postSolution
		SolutionGuid = {26584267-9274-4CFF-B552-04A2AE7F3A64}
	EndGlobalSection
EndGlobal
